// !$*UTF8*$!
{
	archiveVersion = 1;
	classes = {
	};
	objectVersion = 56;
	objects = {

/* Begin PBXBuildFile section */
		85434DB228F669D5005FD6D0 /* AppDelegate.swift in Sources */ = {isa = PBXBuildFile; fileRef = 85434DB128F669D5005FD6D0 /* AppDelegate.swift */; };
		85434DB428F669D5005FD6D0 /* SceneDelegate.swift in Sources */ = {isa = PBXBuildFile; fileRef = 85434DB328F669D5005FD6D0 /* SceneDelegate.swift */; };
		85434DB628F669D5005FD6D0 /* ViewController.swift in Sources */ = {isa = PBXBuildFile; fileRef = 85434DB528F669D5005FD6D0 /* ViewController.swift */; };
		85434DBB28F669D7005FD6D0 /* Assets.xcassets in Resources */ = {isa = PBXBuildFile; fileRef = 85434DBA28F669D7005FD6D0 /* Assets.xcassets */; };
		85434DBE28F669D7005FD6D0 /* LaunchScreen.storyboard in Resources */ = {isa = PBXBuildFile; fileRef = 85434DBC28F669D7005FD6D0 /* LaunchScreen.storyboard */; };
		85434DC928F669D7005FD6D0 /* AtomuzSportsTests.swift in Sources */ = {isa = PBXBuildFile; fileRef = 85434DC828F669D7005FD6D0 /* AtomuzSportsTests.swift */; };
		85434DD328F669D7005FD6D0 /* AtomuzSportsUITests.swift in Sources */ = {isa = PBXBuildFile; fileRef = 85434DD228F669D7005FD6D0 /* AtomuzSportsUITests.swift */; };
		85434DD528F669D7005FD6D0 /* AtomuzSportsUITestsLaunchTests.swift in Sources */ = {isa = PBXBuildFile; fileRef = 85434DD428F669D7005FD6D0 /* AtomuzSportsUITestsLaunchTests.swift */; };
		85434DEF28F66D4B005FD6D0 /* ViewCoding.swift in Sources */ = {isa = PBXBuildFile; fileRef = 85434DEE28F66D4B005FD6D0 /* ViewCoding.swift */; };
/* End PBXBuildFile section */

/* Begin PBXContainerItemProxy section */
		85434DC528F669D7005FD6D0 /* PBXContainerItemProxy */ = {
			isa = PBXContainerItemProxy;
			containerPortal = 85434DA628F669D5005FD6D0 /* Project object */;
			proxyType = 1;
			remoteGlobalIDString = 85434DAD28F669D5005FD6D0;
			remoteInfo = AtomuzSports;
		};
		85434DCF28F669D7005FD6D0 /* PBXContainerItemProxy */ = {
			isa = PBXContainerItemProxy;
			containerPortal = 85434DA628F669D5005FD6D0 /* Project object */;
			proxyType = 1;
			remoteGlobalIDString = 85434DAD28F669D5005FD6D0;
			remoteInfo = AtomuzSports;
		};
/* End PBXContainerItemProxy section */

/* Begin PBXFileReference section */
		85434DAE28F669D5005FD6D0 /* AtomuzSports.app */ = {isa = PBXFileReference; explicitFileType = wrapper.application; includeInIndex = 0; path = AtomuzSports.app; sourceTree = BUILT_PRODUCTS_DIR; };
		85434DB128F669D5005FD6D0 /* AppDelegate.swift */ = {isa = PBXFileReference; lastKnownFileType = sourcecode.swift; path = AppDelegate.swift; sourceTree = "<group>"; };
		85434DB328F669D5005FD6D0 /* SceneDelegate.swift */ = {isa = PBXFileReference; lastKnownFileType = sourcecode.swift; path = SceneDelegate.swift; sourceTree = "<group>"; };
		85434DB528F669D5005FD6D0 /* ViewController.swift */ = {isa = PBXFileReference; lastKnownFileType = sourcecode.swift; path = ViewController.swift; sourceTree = "<group>"; };
		85434DBA28F669D7005FD6D0 /* Assets.xcassets */ = {isa = PBXFileReference; lastKnownFileType = folder.assetcatalog; path = Assets.xcassets; sourceTree = "<group>"; };
		85434DBD28F669D7005FD6D0 /* Base */ = {isa = PBXFileReference; lastKnownFileType = file.storyboard; name = Base; path = Base.lproj/LaunchScreen.storyboard; sourceTree = "<group>"; };
		85434DBF28F669D7005FD6D0 /* Info.plist */ = {isa = PBXFileReference; lastKnownFileType = text.plist.xml; path = Info.plist; sourceTree = "<group>"; };
		85434DC428F669D7005FD6D0 /* AtomuzSportsTests.xctest */ = {isa = PBXFileReference; explicitFileType = wrapper.cfbundle; includeInIndex = 0; path = AtomuzSportsTests.xctest; sourceTree = BUILT_PRODUCTS_DIR; };
		85434DC828F669D7005FD6D0 /* AtomuzSportsTests.swift */ = {isa = PBXFileReference; lastKnownFileType = sourcecode.swift; path = AtomuzSportsTests.swift; sourceTree = "<group>"; };
		85434DCE28F669D7005FD6D0 /* AtomuzSportsUITests.xctest */ = {isa = PBXFileReference; explicitFileType = wrapper.cfbundle; includeInIndex = 0; path = AtomuzSportsUITests.xctest; sourceTree = BUILT_PRODUCTS_DIR; };
		85434DD228F669D7005FD6D0 /* AtomuzSportsUITests.swift */ = {isa = PBXFileReference; lastKnownFileType = sourcecode.swift; path = AtomuzSportsUITests.swift; sourceTree = "<group>"; };
		85434DD428F669D7005FD6D0 /* AtomuzSportsUITestsLaunchTests.swift */ = {isa = PBXFileReference; lastKnownFileType = sourcecode.swift; path = AtomuzSportsUITestsLaunchTests.swift; sourceTree = "<group>"; };
		85434DEE28F66D4B005FD6D0 /* ViewCoding.swift */ = {isa = PBXFileReference; lastKnownFileType = sourcecode.swift; path = ViewCoding.swift; sourceTree = "<group>"; };
/* End PBXFileReference section */

/* Begin PBXFrameworksBuildPhase section */
		85434DAB28F669D5005FD6D0 /* Frameworks */ = {
			isa = PBXFrameworksBuildPhase;
			buildActionMask = 2147483647;
			files = (
			);
			runOnlyForDeploymentPostprocessing = 0;
		};
		85434DC128F669D7005FD6D0 /* Frameworks */ = {
			isa = PBXFrameworksBuildPhase;
			buildActionMask = 2147483647;
			files = (
			);
			runOnlyForDeploymentPostprocessing = 0;
		};
		85434DCB28F669D7005FD6D0 /* Frameworks */ = {
			isa = PBXFrameworksBuildPhase;
			buildActionMask = 2147483647;
			files = (
			);
			runOnlyForDeploymentPostprocessing = 0;
		};
/* End PBXFrameworksBuildPhase section */

/* Begin PBXGroup section */
		85434DA528F669D5005FD6D0 = {
			isa = PBXGroup;
			children = (
				85434DB028F669D5005FD6D0 /* AtomuzSports */,
				85434DC728F669D7005FD6D0 /* AtomuzSportsTests */,
				85434DD128F669D7005FD6D0 /* AtomuzSportsUITests */,
				85434DAF28F669D5005FD6D0 /* Products */,
			);
			sourceTree = "<group>";
		};
		85434DAF28F669D5005FD6D0 /* Products */ = {
			isa = PBXGroup;
			children = (
				85434DAE28F669D5005FD6D0 /* AtomuzSports.app */,
				85434DC428F669D7005FD6D0 /* AtomuzSportsTests.xctest */,
				85434DCE28F669D7005FD6D0 /* AtomuzSportsUITests.xctest */,
			);
			name = Products;
			sourceTree = "<group>";
		};
		85434DB028F669D5005FD6D0 /* AtomuzSports */ = {
			isa = PBXGroup;
			children = (
				85434DED28F66D3E005FD6D0 /* Utils */,
				85434DEC28F66D37005FD6D0 /* Services */,
				85434DEB28F66D2F005FD6D0 /* Models */,
				85434DEA28F66D29005FD6D0 /* ViewModels */,
				85434DE928F66D23005FD6D0 /* Views */,
				85434DE828F66D15005FD6D0 /* Coordinator */,
				85434DE728F66D00005FD6D0 /* Resources */,
				85434DE628F66CF5005FD6D0 /* Application */,
				85434DE328F66C71005FD6D0 /* SportsDetail */,
				85434DE228F66C58005FD6D0 /* SportsList */,
				85434DB528F669D5005FD6D0 /* ViewController.swift */,
				85434DBC28F669D7005FD6D0 /* LaunchScreen.storyboard */,
				85434DBF28F669D7005FD6D0 /* Info.plist */,
			);
			path = AtomuzSports;
			sourceTree = "<group>";
		};
		85434DC728F669D7005FD6D0 /* AtomuzSportsTests */ = {
			isa = PBXGroup;
			children = (
				85434DC828F669D7005FD6D0 /* AtomuzSportsTests.swift */,
			);
			path = AtomuzSportsTests;
			sourceTree = "<group>";
		};
		85434DD128F669D7005FD6D0 /* AtomuzSportsUITests */ = {
			isa = PBXGroup;
			children = (
				85434DD228F669D7005FD6D0 /* AtomuzSportsUITests.swift */,
				85434DD428F669D7005FD6D0 /* AtomuzSportsUITestsLaunchTests.swift */,
			);
			path = AtomuzSportsUITests;
			sourceTree = "<group>";
		};
		85434DE228F66C58005FD6D0 /* SportsList */ = {
			isa = PBXGroup;
			children = (
			);
			path = SportsList;
			sourceTree = "<group>";
		};
		85434DE328F66C71005FD6D0 /* SportsDetail */ = {
			isa = PBXGroup;
			children = (
			);
			path = SportsDetail;
			sourceTree = "<group>";
		};
		85434DE628F66CF5005FD6D0 /* Application */ = {
			isa = PBXGroup;
			children = (
				85434DB328F669D5005FD6D0 /* SceneDelegate.swift */,
				85434DB128F669D5005FD6D0 /* AppDelegate.swift */,
			);
			path = Application;
			sourceTree = "<group>";
		};
		85434DE728F66D00005FD6D0 /* Resources */ = {
			isa = PBXGroup;
			children = (
				85434DBA28F669D7005FD6D0 /* Assets.xcassets */,
			);
			path = Resources;
			sourceTree = "<group>";
		};
		85434DE828F66D15005FD6D0 /* Coordinator */ = {
			isa = PBXGroup;
			children = (
			);
			path = Coordinator;
			sourceTree = "<group>";
		};
		85434DE928F66D23005FD6D0 /* Views */ = {
			isa = PBXGroup;
			children = (
			);
			path = Views;
			sourceTree = "<group>";
		};
		85434DEA28F66D29005FD6D0 /* ViewModels */ = {
			isa = PBXGroup;
			children = (
			);
			path = ViewModels;
			sourceTree = "<group>";
		};
		85434DEB28F66D2F005FD6D0 /* Models */ = {
			isa = PBXGroup;
			children = (
			);
			path = Models;
			sourceTree = "<group>";
		};
		85434DEC28F66D37005FD6D0 /* Services */ = {
			isa = PBXGroup;
			children = (
			);
			path = Services;
			sourceTree = "<group>";
		};
		85434DED28F66D3E005FD6D0 /* Utils */ = {
			isa = PBXGroup;
			children = (
				85434DEE28F66D4B005FD6D0 /* ViewCoding.swift */,
			);
			path = Utils;
			sourceTree = "<group>";
		};
/* End PBXGroup section */

/* Begin PBXNativeTarget section */
		85434DAD28F669D5005FD6D0 /* AtomuzSports */ = {
			isa = PBXNativeTarget;
			buildConfigurationList = 85434DD828F669D7005FD6D0 /* Build configuration list for PBXNativeTarget "AtomuzSports" */;
			buildPhases = (
				85434DAA28F669D5005FD6D0 /* Sources */,
				85434DAB28F669D5005FD6D0 /* Frameworks */,
				85434DAC28F669D5005FD6D0 /* Resources */,
				85434DE128F66B58005FD6D0 /* ShellScript */,
			);
			buildRules = (
			);
			dependencies = (
			);
			name = AtomuzSports;
			productName = AtomuzSports;
			productReference = 85434DAE28F669D5005FD6D0 /* AtomuzSports.app */;
			productType = "com.apple.product-type.application";
		};
		85434DC328F669D7005FD6D0 /* AtomuzSportsTests */ = {
			isa = PBXNativeTarget;
			buildConfigurationList = 85434DDB28F669D7005FD6D0 /* Build configuration list for PBXNativeTarget "AtomuzSportsTests" */;
			buildPhases = (
				85434DC028F669D7005FD6D0 /* Sources */,
				85434DC128F669D7005FD6D0 /* Frameworks */,
				85434DC228F669D7005FD6D0 /* Resources */,
			);
			buildRules = (
			);
			dependencies = (
				85434DC628F669D7005FD6D0 /* PBXTargetDependency */,
			);
			name = AtomuzSportsTests;
			productName = AtomuzSportsTests;
			productReference = 85434DC428F669D7005FD6D0 /* AtomuzSportsTests.xctest */;
			productType = "com.apple.product-type.bundle.unit-test";
		};
		85434DCD28F669D7005FD6D0 /* AtomuzSportsUITests */ = {
			isa = PBXNativeTarget;
			buildConfigurationList = 85434DDE28F669D7005FD6D0 /* Build configuration list for PBXNativeTarget "AtomuzSportsUITests" */;
			buildPhases = (
				85434DCA28F669D7005FD6D0 /* Sources */,
				85434DCB28F669D7005FD6D0 /* Frameworks */,
				85434DCC28F669D7005FD6D0 /* Resources */,
			);
			buildRules = (
			);
			dependencies = (
				85434DD028F669D7005FD6D0 /* PBXTargetDependency */,
			);
			name = AtomuzSportsUITests;
			productName = AtomuzSportsUITests;
			productReference = 85434DCE28F669D7005FD6D0 /* AtomuzSportsUITests.xctest */;
			productType = "com.apple.product-type.bundle.ui-testing";
		};
/* End PBXNativeTarget section */

/* Begin PBXProject section */
		85434DA628F669D5005FD6D0 /* Project object */ = {
			isa = PBXProject;
			attributes = {
				BuildIndependentTargetsInParallel = 1;
				LastSwiftUpdateCheck = 1400;
				LastUpgradeCheck = 1400;
				TargetAttributes = {
					85434DAD28F669D5005FD6D0 = {
						CreatedOnToolsVersion = 14.0.1;
					};
					85434DC328F669D7005FD6D0 = {
						CreatedOnToolsVersion = 14.0.1;
						TestTargetID = 85434DAD28F669D5005FD6D0;
					};
					85434DCD28F669D7005FD6D0 = {
						CreatedOnToolsVersion = 14.0.1;
						TestTargetID = 85434DAD28F669D5005FD6D0;
					};
				};
			};
			buildConfigurationList = 85434DA928F669D5005FD6D0 /* Build configuration list for PBXProject "AtomuzSports" */;
			compatibilityVersion = "Xcode 14.0";
			developmentRegion = en;
			hasScannedForEncodings = 0;
			knownRegions = (
				en,
				Base,
			);
			mainGroup = 85434DA528F669D5005FD6D0;
			productRefGroup = 85434DAF28F669D5005FD6D0 /* Products */;
			projectDirPath = "";
			projectRoot = "";
			targets = (
				85434DAD28F669D5005FD6D0 /* AtomuzSports */,
				85434DC328F669D7005FD6D0 /* AtomuzSportsTests */,
				85434DCD28F669D7005FD6D0 /* AtomuzSportsUITests */,
			);
		};
/* End PBXProject section */

/* Begin PBXResourcesBuildPhase section */
		85434DAC28F669D5005FD6D0 /* Resources */ = {
			isa = PBXResourcesBuildPhase;
			buildActionMask = 2147483647;
			files = (
				85434DBE28F669D7005FD6D0 /* LaunchScreen.storyboard in Resources */,
				85434DBB28F669D7005FD6D0 /* Assets.xcassets in Resources */,
			);
			runOnlyForDeploymentPostprocessing = 0;
		};
		85434DC228F669D7005FD6D0 /* Resources */ = {
			isa = PBXResourcesBuildPhase;
			buildActionMask = 2147483647;
			files = (
			);
			runOnlyForDeploymentPostprocessing = 0;
		};
		85434DCC28F669D7005FD6D0 /* Resources */ = {
			isa = PBXResourcesBuildPhase;
			buildActionMask = 2147483647;
			files = (
			);
			runOnlyForDeploymentPostprocessing = 0;
		};
/* End PBXResourcesBuildPhase section */

/* Begin PBXShellScriptBuildPhase section */
		85434DE128F66B58005FD6D0 /* ShellScript */ = {
			isa = PBXShellScriptBuildPhase;
			buildActionMask = 2147483647;
			files = (
			);
			inputFileListPaths = (
			);
			inputPaths = (
			);
			outputFileListPaths = (
			);
			outputPaths = (
			);
			runOnlyForDeploymentPostprocessing = 0;
			shellPath = /bin/sh;
			shellScript = "# Type a script or drag a script file from your workspace to insert its path.\nexport PATH=\"$PATH:/opt/homebrew/bin\"\nif which swiftlint > /dev/null; then\n  swiftlint\nelse\n  echo \"warning: SwiftLint not installed, download from https://github.com/realm/SwiftLint\"\nfi\n";
		};
/* End PBXShellScriptBuildPhase section */

/* Begin PBXSourcesBuildPhase section */
		85434DAA28F669D5005FD6D0 /* Sources */ = {
			isa = PBXSourcesBuildPhase;
			buildActionMask = 2147483647;
			files = (
				85434DB628F669D5005FD6D0 /* ViewController.swift in Sources */,
				85434DB228F669D5005FD6D0 /* AppDelegate.swift in Sources */,
				85434DEF28F66D4B005FD6D0 /* ViewCoding.swift in Sources */,
				85434DB428F669D5005FD6D0 /* SceneDelegate.swift in Sources */,
			);
			runOnlyForDeploymentPostprocessing = 0;
		};
		85434DC028F669D7005FD6D0 /* Sources */ = {
			isa = PBXSourcesBuildPhase;
			buildActionMask = 2147483647;
			files = (
				85434DC928F669D7005FD6D0 /* AtomuzSportsTests.swift in Sources */,
			);
			runOnlyForDeploymentPostprocessing = 0;
		};
		85434DCA28F669D7005FD6D0 /* Sources */ = {
			isa = PBXSourcesBuildPhase;
			buildActionMask = 2147483647;
			files = (
				85434DD328F669D7005FD6D0 /* AtomuzSportsUITests.swift in Sources */,
				85434DD528F669D7005FD6D0 /* AtomuzSportsUITestsLaunchTests.swift in Sources */,
			);
			runOnlyForDeploymentPostprocessing = 0;
		};
/* End PBXSourcesBuildPhase section */

/* Begin PBXTargetDependency section */
		85434DC628F669D7005FD6D0 /* PBXTargetDependency */ = {
			isa = PBXTargetDependency;
			target = 85434DAD28F669D5005FD6D0 /* AtomuzSports */;
			targetProxy = 85434DC528F669D7005FD6D0 /* PBXContainerItemProxy */;
		};
		85434DD028F669D7005FD6D0 /* PBXTargetDependency */ = {
			isa = PBXTargetDependency;
			target = 85434DAD28F669D5005FD6D0 /* AtomuzSports */;
			targetProxy = 85434DCF28F669D7005FD6D0 /* PBXContainerItemProxy */;
		};
/* End PBXTargetDependency section */

/* Begin PBXVariantGroup section */
		85434DBC28F669D7005FD6D0 /* LaunchScreen.storyboard */ = {
			isa = PBXVariantGroup;
			children = (
				85434DBD28F669D7005FD6D0 /* Base */,
			);
			name = LaunchScreen.storyboard;
			sourceTree = "<group>";
		};
/* End PBXVariantGroup section */

/* Begin XCBuildConfiguration section */
		85434DD628F669D7005FD6D0 /* Debug */ = {
			isa = XCBuildConfiguration;
			buildSettings = {
				ALWAYS_SEARCH_USER_PATHS = NO;
				CLANG_ANALYZER_NONNULL = YES;
				CLANG_ANALYZER_NUMBER_OBJECT_CONVERSION = YES_AGGRESSIVE;
				CLANG_CXX_LANGUAGE_STANDARD = "gnu++20";
				CLANG_ENABLE_MODULES = YES;
				CLANG_ENABLE_OBJC_ARC = YES;
				CLANG_ENABLE_OBJC_WEAK = YES;
				CLANG_WARN_BLOCK_CAPTURE_AUTORELEASING = YES;
				CLANG_WARN_BOOL_CONVERSION = YES;
				CLANG_WARN_COMMA = YES;
				CLANG_WARN_CONSTANT_CONVERSION = YES;
				CLANG_WARN_DEPRECATED_OBJC_IMPLEMENTATIONS = YES;
				CLANG_WARN_DIRECT_OBJC_ISA_USAGE = YES_ERROR;
				CLANG_WARN_DOCUMENTATION_COMMENTS = YES;
				CLANG_WARN_EMPTY_BODY = YES;
				CLANG_WARN_ENUM_CONVERSION = YES;
				CLANG_WARN_INFINITE_RECURSION = YES;
				CLANG_WARN_INT_CONVERSION = YES;
				CLANG_WARN_NON_LITERAL_NULL_CONVERSION = YES;
				CLANG_WARN_OBJC_IMPLICIT_RETAIN_SELF = YES;
				CLANG_WARN_OBJC_LITERAL_CONVERSION = YES;
				CLANG_WARN_OBJC_ROOT_CLASS = YES_ERROR;
				CLANG_WARN_QUOTED_INCLUDE_IN_FRAMEWORK_HEADER = YES;
				CLANG_WARN_RANGE_LOOP_ANALYSIS = YES;
				CLANG_WARN_STRICT_PROTOTYPES = YES;
				CLANG_WARN_SUSPICIOUS_MOVE = YES;
				CLANG_WARN_UNGUARDED_AVAILABILITY = YES_AGGRESSIVE;
				CLANG_WARN_UNREACHABLE_CODE = YES;
				CLANG_WARN__DUPLICATE_METHOD_MATCH = YES;
				COPY_PHASE_STRIP = NO;
				DEBUG_INFORMATION_FORMAT = dwarf;
				ENABLE_STRICT_OBJC_MSGSEND = YES;
				ENABLE_TESTABILITY = YES;
				GCC_C_LANGUAGE_STANDARD = gnu11;
				GCC_DYNAMIC_NO_PIC = NO;
				GCC_NO_COMMON_BLOCKS = YES;
				GCC_OPTIMIZATION_LEVEL = 0;
				GCC_PREPROCESSOR_DEFINITIONS = (
					"DEBUG=1",
					"$(inherited)",
				);
				GCC_WARN_64_TO_32_BIT_CONVERSION = YES;
				GCC_WARN_ABOUT_RETURN_TYPE = YES_ERROR;
				GCC_WARN_UNDECLARED_SELECTOR = YES;
				GCC_WARN_UNINITIALIZED_AUTOS = YES_AGGRESSIVE;
				GCC_WARN_UNUSED_FUNCTION = YES;
				GCC_WARN_UNUSED_VARIABLE = YES;
				IPHONEOS_DEPLOYMENT_TARGET = 16.0;
				MTL_ENABLE_DEBUG_INFO = INCLUDE_SOURCE;
				MTL_FAST_MATH = YES;
				ONLY_ACTIVE_ARCH = YES;
				SDKROOT = iphoneos;
				SWIFT_ACTIVE_COMPILATION_CONDITIONS = DEBUG;
				SWIFT_OPTIMIZATION_LEVEL = "-Onone";
			};
			name = Debug;
		};
		85434DD728F669D7005FD6D0 /* Release */ = {
			isa = XCBuildConfiguration;
			buildSettings = {
				ALWAYS_SEARCH_USER_PATHS = NO;
				CLANG_ANALYZER_NONNULL = YES;
				CLANG_ANALYZER_NUMBER_OBJECT_CONVERSION = YES_AGGRESSIVE;
				CLANG_CXX_LANGUAGE_STANDARD = "gnu++20";
				CLANG_ENABLE_MODULES = YES;
				CLANG_ENABLE_OBJC_ARC = YES;
				CLANG_ENABLE_OBJC_WEAK = YES;
				CLANG_WARN_BLOCK_CAPTURE_AUTORELEASING = YES;
				CLANG_WARN_BOOL_CONVERSION = YES;
				CLANG_WARN_COMMA = YES;
				CLANG_WARN_CONSTANT_CONVERSION = YES;
				CLANG_WARN_DEPRECATED_OBJC_IMPLEMENTATIONS = YES;
				CLANG_WARN_DIRECT_OBJC_ISA_USAGE = YES_ERROR;
				CLANG_WARN_DOCUMENTATION_COMMENTS = YES;
				CLANG_WARN_EMPTY_BODY = YES;
				CLANG_WARN_ENUM_CONVERSION = YES;
				CLANG_WARN_INFINITE_RECURSION = YES;
				CLANG_WARN_INT_CONVERSION = YES;
				CLANG_WARN_NON_LITERAL_NULL_CONVERSION = YES;
				CLANG_WARN_OBJC_IMPLICIT_RETAIN_SELF = YES;
				CLANG_WARN_OBJC_LITERAL_CONVERSION = YES;
				CLANG_WARN_OBJC_ROOT_CLASS = YES_ERROR;
				CLANG_WARN_QUOTED_INCLUDE_IN_FRAMEWORK_HEADER = YES;
				CLANG_WARN_RANGE_LOOP_ANALYSIS = YES;
				CLANG_WARN_STRICT_PROTOTYPES = YES;
				CLANG_WARN_SUSPICIOUS_MOVE = YES;
				CLANG_WARN_UNGUARDED_AVAILABILITY = YES_AGGRESSIVE;
				CLANG_WARN_UNREACHABLE_CODE = YES;
				CLANG_WARN__DUPLICATE_METHOD_MATCH = YES;
				COPY_PHASE_STRIP = NO;
				DEBUG_INFORMATION_FORMAT = "dwarf-with-dsym";
				ENABLE_NS_ASSERTIONS = NO;
				ENABLE_STRICT_OBJC_MSGSEND = YES;
				GCC_C_LANGUAGE_STANDARD = gnu11;
				GCC_NO_COMMON_BLOCKS = YES;
				GCC_WARN_64_TO_32_BIT_CONVERSION = YES;
				GCC_WARN_ABOUT_RETURN_TYPE = YES_ERROR;
				GCC_WARN_UNDECLARED_SELECTOR = YES;
				GCC_WARN_UNINITIALIZED_AUTOS = YES_AGGRESSIVE;
				GCC_WARN_UNUSED_FUNCTION = YES;
				GCC_WARN_UNUSED_VARIABLE = YES;
				IPHONEOS_DEPLOYMENT_TARGET = 16.0;
				MTL_ENABLE_DEBUG_INFO = NO;
				MTL_FAST_MATH = YES;
				SDKROOT = iphoneos;
				SWIFT_COMPILATION_MODE = wholemodule;
				SWIFT_OPTIMIZATION_LEVEL = "-O";
				VALIDATE_PRODUCT = YES;
			};
			name = Release;
		};
		85434DD928F669D7005FD6D0 /* Debug */ = {
			isa = XCBuildConfiguration;
			buildSettings = {
				ASSETCATALOG_COMPILER_APPICON_NAME = AppIcon;
				ASSETCATALOG_COMPILER_GLOBAL_ACCENT_COLOR_NAME = AccentColor;
				CODE_SIGN_STYLE = Automatic;
				CURRENT_PROJECT_VERSION = 1;
				DEVELOPMENT_TEAM = F2MBMJ3PK6;
				GENERATE_INFOPLIST_FILE = YES;
				INFOPLIST_FILE = AtomuzSports/Info.plist;
				INFOPLIST_KEY_UIApplicationSupportsIndirectInputEvents = YES;
				INFOPLIST_KEY_UILaunchStoryboardName = LaunchScreen;
				INFOPLIST_KEY_UISupportedInterfaceOrientations_iPad = "UIInterfaceOrientationPortrait UIInterfaceOrientationPortraitUpsideDown UIInterfaceOrientationLandscapeLeft UIInterfaceOrientationLandscapeRight";
				INFOPLIST_KEY_UISupportedInterfaceOrientations_iPhone = "UIInterfaceOrientationPortrait UIInterfaceOrientationLandscapeLeft UIInterfaceOrientationLandscapeRight";
				IPHONEOS_DEPLOYMENT_TARGET = 13.0;
				LD_RUNPATH_SEARCH_PATHS = (
					"$(inherited)",
					"@executable_path/Frameworks",
				);
				MARKETING_VERSION = 1.0;
				PRODUCT_BUNDLE_IDENTIFIER = com.joan.wilson.AtomuzSports;
				PRODUCT_NAME = "$(TARGET_NAME)";
				SWIFT_EMIT_LOC_STRINGS = YES;
				SWIFT_VERSION = 5.0;
				TARGETED_DEVICE_FAMILY = "1,2";
			};
			name = Debug;
		};
		85434DDA28F669D7005FD6D0 /* Release */ = {
			isa = XCBuildConfiguration;
			buildSettings = {
				ASSETCATALOG_COMPILER_APPICON_NAME = AppIcon;
				ASSETCATALOG_COMPILER_GLOBAL_ACCENT_COLOR_NAME = AccentColor;
				CODE_SIGN_STYLE = Automatic;
				CURRENT_PROJECT_VERSION = 1;
				DEVELOPMENT_TEAM = F2MBMJ3PK6;
				GENERATE_INFOPLIST_FILE = YES;
				INFOPLIST_FILE = AtomuzSports/Info.plist;
				INFOPLIST_KEY_UIApplicationSupportsIndirectInputEvents = YES;
				INFOPLIST_KEY_UILaunchStoryboardName = LaunchScreen;
				INFOPLIST_KEY_UISupportedInterfaceOrientations_iPad = "UIInterfaceOrientationPortrait UIInterfaceOrientationPortraitUpsideDown UIInterfaceOrientationLandscapeLeft UIInterfaceOrientationLandscapeRight";
				INFOPLIST_KEY_UISupportedInterfaceOrientations_iPhone = "UIInterfaceOrientationPortrait UIInterfaceOrientationLandscapeLeft UIInterfaceOrientationLandscapeRight";
				IPHONEOS_DEPLOYMENT_TARGET = 13.0;
				LD_RUNPATH_SEARCH_PATHS = (
					"$(inherited)",
					"@executable_path/Frameworks",
				);
				MARKETING_VERSION = 1.0;
				PRODUCT_BUNDLE_IDENTIFIER = com.joan.wilson.AtomuzSports;
				PRODUCT_NAME = "$(TARGET_NAME)";
				SWIFT_EMIT_LOC_STRINGS = YES;
				SWIFT_VERSION = 5.0;
				TARGETED_DEVICE_FAMILY = "1,2";
			};
			name = Release;
		};
		85434DDC28F669D7005FD6D0 /* Debug */ = {
			isa = XCBuildConfiguration;
			buildSettings = {
				ALWAYS_EMBED_SWIFT_STANDARD_LIBRARIES = YES;
				BUNDLE_LOADER = "$(TEST_HOST)";
				CODE_SIGN_STYLE = Automatic;
				CURRENT_PROJECT_VERSION = 1;
				DEVELOPMENT_TEAM = F2MBMJ3PK6;
				GENERATE_INFOPLIST_FILE = YES;
				IPHONEOS_DEPLOYMENT_TARGET = 16.0;
				MARKETING_VERSION = 1.0;
				PRODUCT_BUNDLE_IDENTIFIER = com.joan.wilson.AtomuzSportsTests;
				PRODUCT_NAME = "$(TARGET_NAME)";
				SWIFT_EMIT_LOC_STRINGS = NO;
				SWIFT_VERSION = 5.0;
				TARGETED_DEVICE_FAMILY = "1,2";
				TEST_HOST = "$(BUILT_PRODUCTS_DIR)/AtomuzSports.app/$(BUNDLE_EXECUTABLE_FOLDER_PATH)/AtomuzSports";
			};
			name = Debug;
		};
		85434DDD28F669D7005FD6D0 /* Release */ = {
			isa = XCBuildConfiguration;
			buildSettings = {
				ALWAYS_EMBED_SWIFT_STANDARD_LIBRARIES = YES;
				BUNDLE_LOADER = "$(TEST_HOST)";
				CODE_SIGN_STYLE = Automatic;
				CURRENT_PROJECT_VERSION = 1;
				DEVELOPMENT_TEAM = F2MBMJ3PK6;
				GENERATE_INFOPLIST_FILE = YES;
				IPHONEOS_DEPLOYMENT_TARGET = 16.0;
				MARKETING_VERSION = 1.0;
				PRODUCT_BUNDLE_IDENTIFIER = com.joan.wilson.AtomuzSportsTests;
				PRODUCT_NAME = "$(TARGET_NAME)";
				SWIFT_EMIT_LOC_STRINGS = NO;
				SWIFT_VERSION = 5.0;
				TARGETED_DEVICE_FAMILY = "1,2";
				TEST_HOST = "$(BUILT_PRODUCTS_DIR)/AtomuzSports.app/$(BUNDLE_EXECUTABLE_FOLDER_PATH)/AtomuzSports";
			};
			name = Release;
		};
		85434DDF28F669D7005FD6D0 /* Debug */ = {
			isa = XCBuildConfiguration;
			buildSettings = {
				ALWAYS_EMBED_SWIFT_STANDARD_LIBRARIES = YES;
				CODE_SIGN_STYLE = Automatic;
				CURRENT_PROJECT_VERSION = 1;
				DEVELOPMENT_TEAM = F2MBMJ3PK6;
				GENERATE_INFOPLIST_FILE = YES;
				MARKETING_VERSION = 1.0;
				PRODUCT_BUNDLE_IDENTIFIER = com.joan.wilson.AtomuzSportsUITests;
				PRODUCT_NAME = "$(TARGET_NAME)";
				SWIFT_EMIT_LOC_STRINGS = NO;
				SWIFT_VERSION = 5.0;
				TARGETED_DEVICE_FAMILY = "1,2";
				TEST_TARGET_NAME = AtomuzSports;
			};
			name = Debug;
		};
		85434DE028F669D7005FD6D0 /* Release */ = {
			isa = XCBuildConfiguration;
			buildSettings = {
				ALWAYS_EMBED_SWIFT_STANDARD_LIBRARIES = YES;
				CODE_SIGN_STYLE = Automatic;
				CURRENT_PROJECT_VERSION = 1;
				DEVELOPMENT_TEAM = F2MBMJ3PK6;
				GENERATE_INFOPLIST_FILE = YES;
				MARKETING_VERSION = 1.0;
				PRODUCT_BUNDLE_IDENTIFIER = com.joan.wilson.AtomuzSportsUITests;
				PRODUCT_NAME = "$(TARGET_NAME)";
				SWIFT_EMIT_LOC_STRINGS = NO;
				SWIFT_VERSION = 5.0;
				TARGETED_DEVICE_FAMILY = "1,2";
				TEST_TARGET_NAME = AtomuzSports;
			};
			name = Release;
		};
/* End XCBuildConfiguration section */

/* Begin XCConfigurationList section */
		85434DA928F669D5005FD6D0 /* Build configuration list for PBXProject "AtomuzSports" */ = {
			isa = XCConfigurationList;
			buildConfigurations = (
				85434DD628F669D7005FD6D0 /* Debug */,
				85434DD728F669D7005FD6D0 /* Release */,
			);
			defaultConfigurationIsVisible = 0;
			defaultConfigurationName = Release;
		};
		85434DD828F669D7005FD6D0 /* Build configuration list for PBXNativeTarget "AtomuzSports" */ = {
			isa = XCConfigurationList;
			buildConfigurations = (
				85434DD928F669D7005FD6D0 /* Debug */,
				85434DDA28F669D7005FD6D0 /* Release */,
			);
			defaultConfigurationIsVisible = 0;
			defaultConfigurationName = Release;
		};
		85434DDB28F669D7005FD6D0 /* Build configuration list for PBXNativeTarget "AtomuzSportsTests" */ = {
			isa = XCConfigurationList;
			buildConfigurations = (
				85434DDC28F669D7005FD6D0 /* Debug */,
				85434DDD28F669D7005FD6D0 /* Release */,
			);
			defaultConfigurationIsVisible = 0;
			defaultConfigurationName = Release;
		};
		85434DDE28F669D7005FD6D0 /* Build configuration list for PBXNativeTarget "AtomuzSportsUITests" */ = {
			isa = XCConfigurationList;
			buildConfigurations = (
				85434DDF28F669D7005FD6D0 /* Debug */,
				85434DE028F669D7005FD6D0 /* Release */,
			);
			defaultConfigurationIsVisible = 0;
			defaultConfigurationName = Release;
		};
/* End XCConfigurationList section */
	};
	rootObject = 85434DA628F669D5005FD6D0 /* Project object */;
}
