// !$*UTF8*$!
{
	archiveVersion = 1;
	classes = {
	};
	objectVersion = 56;
	objects = {

/* Begin PBXBuildFile section */
		85434DB228F669D5005FD6D0 /* AppDelegate.swift in Sources */ = {isa = PBXBuildFile; fileRef = 85434DB128F669D5005FD6D0 /* AppDelegate.swift */; };
		85434DB428F669D5005FD6D0 /* SceneDelegate.swift in Sources */ = {isa = PBXBuildFile; fileRef = 85434DB328F669D5005FD6D0 /* SceneDelegate.swift */; };
		85434DBB28F669D7005FD6D0 /* Assets.xcassets in Resources */ = {isa = PBXBuildFile; fileRef = 85434DBA28F669D7005FD6D0 /* Assets.xcassets */; };
		85434DBE28F669D7005FD6D0 /* LaunchScreen.storyboard in Resources */ = {isa = PBXBuildFile; fileRef = 85434DBC28F669D7005FD6D0 /* LaunchScreen.storyboard */; };
		85434DD328F669D7005FD6D0 /* AtomuzSportsUITests.swift in Sources */ = {isa = PBXBuildFile; fileRef = 85434DD228F669D7005FD6D0 /* AtomuzSportsUITests.swift */; };
		85434DD528F669D7005FD6D0 /* AtomuzSportsUITestsLaunchTests.swift in Sources */ = {isa = PBXBuildFile; fileRef = 85434DD428F669D7005FD6D0 /* AtomuzSportsUITestsLaunchTests.swift */; };
		85434DEF28F66D4B005FD6D0 /* ViewCoding.swift in Sources */ = {isa = PBXBuildFile; fileRef = 85434DEE28F66D4B005FD6D0 /* ViewCoding.swift */; };
		85434DF328F66E45005FD6D0 /* Coordinator.swift in Sources */ = {isa = PBXBuildFile; fileRef = 85434DF228F66E45005FD6D0 /* Coordinator.swift */; };
		85434DFB28F67A74005FD6D0 /* AppCoordinator.swift in Sources */ = {isa = PBXBuildFile; fileRef = 85434DFA28F67A74005FD6D0 /* AppCoordinator.swift */; };
		85434DFD28F67C1E005FD6D0 /* SportsListCoordinator.swift in Sources */ = {isa = PBXBuildFile; fileRef = 85434DFC28F67C1E005FD6D0 /* SportsListCoordinator.swift */; };
		85434DFF28F67C9D005FD6D0 /* SportsListViewController.swift in Sources */ = {isa = PBXBuildFile; fileRef = 85434DFE28F67C9D005FD6D0 /* SportsListViewController.swift */; };
		85434E0128F68481005FD6D0 /* SportsListViewModel.swift in Sources */ = {isa = PBXBuildFile; fileRef = 85434E0028F68481005FD6D0 /* SportsListViewModel.swift */; };
		85434E0328F68659005FD6D0 /* SportsClient.swift in Sources */ = {isa = PBXBuildFile; fileRef = 85434E0228F68659005FD6D0 /* SportsClient.swift */; };
		85434E0928F68AA6005FD6D0 /* SportsDetailViewModel.swift in Sources */ = {isa = PBXBuildFile; fileRef = 85434E0828F68AA6005FD6D0 /* SportsDetailViewModel.swift */; };
		85434E0B28F68ABD005FD6D0 /* SportsDetailViewController.swift in Sources */ = {isa = PBXBuildFile; fileRef = 85434E0A28F68ABD005FD6D0 /* SportsDetailViewController.swift */; };
		85434E0D28F68BF8005FD6D0 /* Sport.swift in Sources */ = {isa = PBXBuildFile; fileRef = 85434E0C28F68BF8005FD6D0 /* Sport.swift */; };
		85434E1328F690FF005FD6D0 /* SportsClientTests.swift in Sources */ = {isa = PBXBuildFile; fileRef = 85434E1228F690FF005FD6D0 /* SportsClientTests.swift */; };
		85434E1728F692A6005FD6D0 /* SportsClientProtocol.swift in Sources */ = {isa = PBXBuildFile; fileRef = 85434E1628F692A6005FD6D0 /* SportsClientProtocol.swift */; };
		85434E1B28F694FE005FD6D0 /* ObservableObject.swift in Sources */ = {isa = PBXBuildFile; fileRef = 85434E1A28F694FE005FD6D0 /* ObservableObject.swift */; };
		8550314028FD88BD007C98FA /* SportsDetailView.swift in Sources */ = {isa = PBXBuildFile; fileRef = 8550313F28FD88BD007C98FA /* SportsDetailView.swift */; };
		8567B45528F70B8300503054 /* SportsTableViewCell.swift in Sources */ = {isa = PBXBuildFile; fileRef = 8567B45428F70B8300503054 /* SportsTableViewCell.swift */; };
		8567B45728F82F8F00503054 /* SportsListView.swift in Sources */ = {isa = PBXBuildFile; fileRef = 8567B45628F82F8F00503054 /* SportsListView.swift */; };
		8567B46928F87FC400503054 /* Sports.swift in Sources */ = {isa = PBXBuildFile; fileRef = 8567B46828F87FC400503054 /* Sports.swift */; };
		8567B47128F8C81700503054 /* UIImageViewFetchImageURL.swift in Sources */ = {isa = PBXBuildFile; fileRef = 8567B47028F8C81700503054 /* UIImageViewFetchImageURL.swift */; };
		85C2FBBF28FA388100BDF3B6 /* SportsDetailHeaderView.swift in Sources */ = {isa = PBXBuildFile; fileRef = 85C2FBBE28FA388100BDF3B6 /* SportsDetailHeaderView.swift */; };
		85C2FBC328FA3E3E00BDF3B6 /* UIImageViewDarkOverlay.swift in Sources */ = {isa = PBXBuildFile; fileRef = 85C2FBC228FA3E3E00BDF3B6 /* UIImageViewDarkOverlay.swift */; };
		85C2FBC928FB081900BDF3B6 /* SportsDetailAboutView.swift in Sources */ = {isa = PBXBuildFile; fileRef = 85C2FBC828FB081900BDF3B6 /* SportsDetailAboutView.swift */; };
		85C2FBD128FC8C5100BDF3B6 /* SportsClientMock.swift in Sources */ = {isa = PBXBuildFile; fileRef = 85434E1828F693C4005FD6D0 /* SportsClientMock.swift */; };
		85C2FC1328FD09A400BDF3B6 /* SportsListViewControllerTests.swift in Sources */ = {isa = PBXBuildFile; fileRef = 85C2FC1228FD09A400BDF3B6 /* SportsListViewControllerTests.swift */; };
		85C2FC1528FD0A7D00BDF3B6 /* SportsListViewModelTests.swift in Sources */ = {isa = PBXBuildFile; fileRef = 85C2FC1428FD0A7D00BDF3B6 /* SportsListViewModelTests.swift */; };
		85C2FC1728FD111300BDF3B6 /* SportsDetailComponentsFactory.swift in Sources */ = {isa = PBXBuildFile; fileRef = 85C2FC1628FD111300BDF3B6 /* SportsDetailComponentsFactory.swift */; };
/* End PBXBuildFile section */

/* Begin PBXContainerItemProxy section */
		85434DC528F669D7005FD6D0 /* PBXContainerItemProxy */ = {
			isa = PBXContainerItemProxy;
			containerPortal = 85434DA628F669D5005FD6D0 /* Project object */;
			proxyType = 1;
			remoteGlobalIDString = 85434DAD28F669D5005FD6D0;
			remoteInfo = AtomuzSports;
		};
		85434DCF28F669D7005FD6D0 /* PBXContainerItemProxy */ = {
			isa = PBXContainerItemProxy;
			containerPortal = 85434DA628F669D5005FD6D0 /* Project object */;
			proxyType = 1;
			remoteGlobalIDString = 85434DAD28F669D5005FD6D0;
			remoteInfo = AtomuzSports;
		};
/* End PBXContainerItemProxy section */

/* Begin PBXFileReference section */
		85434DAE28F669D5005FD6D0 /* AtomuzSports.app */ = {isa = PBXFileReference; explicitFileType = wrapper.application; includeInIndex = 0; path = AtomuzSports.app; sourceTree = BUILT_PRODUCTS_DIR; };
		85434DB128F669D5005FD6D0 /* AppDelegate.swift */ = {isa = PBXFileReference; lastKnownFileType = sourcecode.swift; path = AppDelegate.swift; sourceTree = "<group>"; };
		85434DB328F669D5005FD6D0 /* SceneDelegate.swift */ = {isa = PBXFileReference; lastKnownFileType = sourcecode.swift; path = SceneDelegate.swift; sourceTree = "<group>"; };
		85434DBA28F669D7005FD6D0 /* Assets.xcassets */ = {isa = PBXFileReference; lastKnownFileType = folder.assetcatalog; path = Assets.xcassets; sourceTree = "<group>"; };
		85434DBD28F669D7005FD6D0 /* Base */ = {isa = PBXFileReference; lastKnownFileType = file.storyboard; name = Base; path = Base.lproj/LaunchScreen.storyboard; sourceTree = "<group>"; };
		85434DBF28F669D7005FD6D0 /* Info.plist */ = {isa = PBXFileReference; lastKnownFileType = text.plist.xml; path = Info.plist; sourceTree = "<group>"; };
		85434DC428F669D7005FD6D0 /* AtomuzSportsTests.xctest */ = {isa = PBXFileReference; explicitFileType = wrapper.cfbundle; includeInIndex = 0; path = AtomuzSportsTests.xctest; sourceTree = BUILT_PRODUCTS_DIR; };
		85434DCE28F669D7005FD6D0 /* AtomuzSportsUITests.xctest */ = {isa = PBXFileReference; explicitFileType = wrapper.cfbundle; includeInIndex = 0; path = AtomuzSportsUITests.xctest; sourceTree = BUILT_PRODUCTS_DIR; };
		85434DD228F669D7005FD6D0 /* AtomuzSportsUITests.swift */ = {isa = PBXFileReference; lastKnownFileType = sourcecode.swift; path = AtomuzSportsUITests.swift; sourceTree = "<group>"; };
		85434DD428F669D7005FD6D0 /* AtomuzSportsUITestsLaunchTests.swift */ = {isa = PBXFileReference; lastKnownFileType = sourcecode.swift; path = AtomuzSportsUITestsLaunchTests.swift; sourceTree = "<group>"; };
		85434DEE28F66D4B005FD6D0 /* ViewCoding.swift */ = {isa = PBXFileReference; lastKnownFileType = sourcecode.swift; path = ViewCoding.swift; sourceTree = "<group>"; };
		85434DF228F66E45005FD6D0 /* Coordinator.swift */ = {isa = PBXFileReference; lastKnownFileType = sourcecode.swift; path = Coordinator.swift; sourceTree = "<group>"; };
		85434DFA28F67A74005FD6D0 /* AppCoordinator.swift */ = {isa = PBXFileReference; lastKnownFileType = sourcecode.swift; path = AppCoordinator.swift; sourceTree = "<group>"; };
		85434DFC28F67C1E005FD6D0 /* SportsListCoordinator.swift */ = {isa = PBXFileReference; lastKnownFileType = sourcecode.swift; path = SportsListCoordinator.swift; sourceTree = "<group>"; };
		85434DFE28F67C9D005FD6D0 /* SportsListViewController.swift */ = {isa = PBXFileReference; lastKnownFileType = sourcecode.swift; path = SportsListViewController.swift; sourceTree = "<group>"; };
		85434E0028F68481005FD6D0 /* SportsListViewModel.swift */ = {isa = PBXFileReference; lastKnownFileType = sourcecode.swift; path = SportsListViewModel.swift; sourceTree = "<group>"; };
		85434E0228F68659005FD6D0 /* SportsClient.swift */ = {isa = PBXFileReference; lastKnownFileType = sourcecode.swift; path = SportsClient.swift; sourceTree = "<group>"; };
		85434E0828F68AA6005FD6D0 /* SportsDetailViewModel.swift */ = {isa = PBXFileReference; lastKnownFileType = sourcecode.swift; path = SportsDetailViewModel.swift; sourceTree = "<group>"; };
		85434E0A28F68ABD005FD6D0 /* SportsDetailViewController.swift */ = {isa = PBXFileReference; lastKnownFileType = sourcecode.swift; path = SportsDetailViewController.swift; sourceTree = "<group>"; };
		85434E0C28F68BF8005FD6D0 /* Sport.swift */ = {isa = PBXFileReference; lastKnownFileType = sourcecode.swift; path = Sport.swift; sourceTree = "<group>"; };
		85434E1128F690E7005FD6D0 /* Sports.json */ = {isa = PBXFileReference; lastKnownFileType = text.json; path = Sports.json; sourceTree = "<group>"; };
		85434E1228F690FF005FD6D0 /* SportsClientTests.swift */ = {isa = PBXFileReference; lastKnownFileType = sourcecode.swift; path = SportsClientTests.swift; sourceTree = "<group>"; };
		85434E1628F692A6005FD6D0 /* SportsClientProtocol.swift */ = {isa = PBXFileReference; lastKnownFileType = sourcecode.swift; path = SportsClientProtocol.swift; sourceTree = "<group>"; };
		85434E1828F693C4005FD6D0 /* SportsClientMock.swift */ = {isa = PBXFileReference; lastKnownFileType = sourcecode.swift; path = SportsClientMock.swift; sourceTree = "<group>"; };
		85434E1A28F694FE005FD6D0 /* ObservableObject.swift */ = {isa = PBXFileReference; lastKnownFileType = sourcecode.swift; path = ObservableObject.swift; sourceTree = "<group>"; };
		8550313F28FD88BD007C98FA /* SportsDetailView.swift */ = {isa = PBXFileReference; lastKnownFileType = sourcecode.swift; path = SportsDetailView.swift; sourceTree = "<group>"; };
		8567B45428F70B8300503054 /* SportsTableViewCell.swift */ = {isa = PBXFileReference; lastKnownFileType = sourcecode.swift; path = SportsTableViewCell.swift; sourceTree = "<group>"; };
		8567B45628F82F8F00503054 /* SportsListView.swift */ = {isa = PBXFileReference; lastKnownFileType = sourcecode.swift; path = SportsListView.swift; sourceTree = "<group>"; };
		8567B46828F87FC400503054 /* Sports.swift */ = {isa = PBXFileReference; lastKnownFileType = sourcecode.swift; path = Sports.swift; sourceTree = "<group>"; };
		8567B47028F8C81700503054 /* UIImageViewFetchImageURL.swift */ = {isa = PBXFileReference; lastKnownFileType = sourcecode.swift; path = UIImageViewFetchImageURL.swift; sourceTree = "<group>"; };
		85C2FBBE28FA388100BDF3B6 /* SportsDetailHeaderView.swift */ = {isa = PBXFileReference; lastKnownFileType = sourcecode.swift; path = SportsDetailHeaderView.swift; sourceTree = "<group>"; };
		85C2FBC228FA3E3E00BDF3B6 /* UIImageViewDarkOverlay.swift */ = {isa = PBXFileReference; lastKnownFileType = sourcecode.swift; path = UIImageViewDarkOverlay.swift; sourceTree = "<group>"; };
		85C2FBC828FB081900BDF3B6 /* SportsDetailAboutView.swift */ = {isa = PBXFileReference; lastKnownFileType = sourcecode.swift; path = SportsDetailAboutView.swift; sourceTree = "<group>"; };
		85C2FC1228FD09A400BDF3B6 /* SportsListViewControllerTests.swift */ = {isa = PBXFileReference; lastKnownFileType = sourcecode.swift; path = SportsListViewControllerTests.swift; sourceTree = "<group>"; };
		85C2FC1428FD0A7D00BDF3B6 /* SportsListViewModelTests.swift */ = {isa = PBXFileReference; lastKnownFileType = sourcecode.swift; path = SportsListViewModelTests.swift; sourceTree = "<group>"; };
		85C2FC1628FD111300BDF3B6 /* SportsDetailComponentsFactory.swift */ = {isa = PBXFileReference; lastKnownFileType = sourcecode.swift; path = SportsDetailComponentsFactory.swift; sourceTree = "<group>"; };
/* End PBXFileReference section */

/* Begin PBXFrameworksBuildPhase section */
		85434DAB28F669D5005FD6D0 /* Frameworks */ = {
			isa = PBXFrameworksBuildPhase;
			buildActionMask = 2147483647;
			files = (
			);
			runOnlyForDeploymentPostprocessing = 0;
		};
		85434DC128F669D7005FD6D0 /* Frameworks */ = {
			isa = PBXFrameworksBuildPhase;
			buildActionMask = 2147483647;
			files = (
			);
			runOnlyForDeploymentPostprocessing = 0;
		};
		85434DCB28F669D7005FD6D0 /* Frameworks */ = {
			isa = PBXFrameworksBuildPhase;
			buildActionMask = 2147483647;
			files = (
			);
			runOnlyForDeploymentPostprocessing = 0;
		};
/* End PBXFrameworksBuildPhase section */

/* Begin PBXGroup section */
		85434DA528F669D5005FD6D0 = {
			isa = PBXGroup;
			children = (
				85434DB028F669D5005FD6D0 /* AtomuzSports */,
				85434DC728F669D7005FD6D0 /* AtomuzSportsTests */,
				85434DD128F669D7005FD6D0 /* AtomuzSportsUITests */,
				85434DAF28F669D5005FD6D0 /* Products */,
			);
			sourceTree = "<group>";
		};
		85434DAF28F669D5005FD6D0 /* Products */ = {
			isa = PBXGroup;
			children = (
				85434DAE28F669D5005FD6D0 /* AtomuzSports.app */,
				85434DC428F669D7005FD6D0 /* AtomuzSportsTests.xctest */,
				85434DCE28F669D7005FD6D0 /* AtomuzSportsUITests.xctest */,
			);
			name = Products;
			sourceTree = "<group>";
		};
		85434DB028F669D5005FD6D0 /* AtomuzSports */ = {
			isa = PBXGroup;
			children = (
				85434DE628F66CF5005FD6D0 /* Application */,
				8567B46628F8781400503054 /* Coordinators */,
				8567B46728F8786000503054 /* Utils */,
				8567B45F28F8778F00503054 /* Presentation */,
				8567B45B28F8775E00503054 /* Domain */,
				8567B45A28F8775800503054 /* Data */,
				85434DE728F66D00005FD6D0 /* Resources */,
				85434DBF28F669D7005FD6D0 /* Info.plist */,
			);
			path = AtomuzSports;
			sourceTree = "<group>";
		};
		85434DC728F669D7005FD6D0 /* AtomuzSportsTests */ = {
			isa = PBXGroup;
			children = (
				85C2FC0F28FD04A100BDF3B6 /* SportsList */,
				85C2FC0E28FD048A00BDF3B6 /* SportsClientTests */,
				85434E1028F690D0005FD6D0 /* Fixtures */,
			);
			path = AtomuzSportsTests;
			sourceTree = "<group>";
		};
		85434DD128F669D7005FD6D0 /* AtomuzSportsUITests */ = {
			isa = PBXGroup;
			children = (
				85434DD228F669D7005FD6D0 /* AtomuzSportsUITests.swift */,
				85434DD428F669D7005FD6D0 /* AtomuzSportsUITestsLaunchTests.swift */,
			);
			path = AtomuzSportsUITests;
			sourceTree = "<group>";
		};
		85434DE628F66CF5005FD6D0 /* Application */ = {
			isa = PBXGroup;
			children = (
				85434DB328F669D5005FD6D0 /* SceneDelegate.swift */,
				85434DB128F669D5005FD6D0 /* AppDelegate.swift */,
			);
			path = Application;
			sourceTree = "<group>";
		};
		85434DE728F66D00005FD6D0 /* Resources */ = {
			isa = PBXGroup;
			children = (
				85434DBA28F669D7005FD6D0 /* Assets.xcassets */,
			);
			path = Resources;
			sourceTree = "<group>";
		};
		85434DEB28F66D2F005FD6D0 /* Entities */ = {
			isa = PBXGroup;
			children = (
				85434E0C28F68BF8005FD6D0 /* Sport.swift */,
				8567B46828F87FC400503054 /* Sports.swift */,
			);
			path = Entities;
			sourceTree = "<group>";
		};
		85434E1028F690D0005FD6D0 /* Fixtures */ = {
			isa = PBXGroup;
			children = (
				85434E1128F690E7005FD6D0 /* Sports.json */,
			);
			path = Fixtures;
			sourceTree = "<group>";
		};
		8567B45A28F8775800503054 /* Data */ = {
			isa = PBXGroup;
			children = (
				85434DEB28F66D2F005FD6D0 /* Entities */,
			);
			path = Data;
			sourceTree = "<group>";
		};
		8567B45B28F8775E00503054 /* Domain */ = {
			isa = PBXGroup;
			children = (
				8567B46128F877B500503054 /* Repositories */,
			);
			path = Domain;
			sourceTree = "<group>";
		};
		8567B45F28F8778F00503054 /* Presentation */ = {
			isa = PBXGroup;
			children = (
				85C2FBBA28FA380800BDF3B6 /* Scenes */,
			);
			path = Presentation;
			sourceTree = "<group>";
		};
		8567B46128F877B500503054 /* Repositories */ = {
			isa = PBXGroup;
			children = (
				85434E0228F68659005FD6D0 /* SportsClient.swift */,
				85434E1628F692A6005FD6D0 /* SportsClientProtocol.swift */,
			);
			path = Repositories;
			sourceTree = "<group>";
		};
		8567B46628F8781400503054 /* Coordinators */ = {
			isa = PBXGroup;
			children = (
				85434DF228F66E45005FD6D0 /* Coordinator.swift */,
				85434DFA28F67A74005FD6D0 /* AppCoordinator.swift */,
				85434DFC28F67C1E005FD6D0 /* SportsListCoordinator.swift */,
			);
			path = Coordinators;
			sourceTree = "<group>";
		};
		8567B46728F8786000503054 /* Utils */ = {
			isa = PBXGroup;
			children = (
				85434DEE28F66D4B005FD6D0 /* ViewCoding.swift */,
				85434E1A28F694FE005FD6D0 /* ObservableObject.swift */,
				8567B47028F8C81700503054 /* UIImageViewFetchImageURL.swift */,
				85C2FBC228FA3E3E00BDF3B6 /* UIImageViewDarkOverlay.swift */,
			);
			path = Utils;
			sourceTree = "<group>";
		};
		85C2FBBA28FA380800BDF3B6 /* Scenes */ = {
			isa = PBXGroup;
			children = (
				85C2FBBD28FA385500BDF3B6 /* LaunchScreen */,
				85C2FBBC28FA382800BDF3B6 /* SportsList */,
				85C2FBBB28FA382100BDF3B6 /* SportsDetail */,
			);
			path = Scenes;
			sourceTree = "<group>";
		};
		85C2FBBB28FA382100BDF3B6 /* SportsDetail */ = {
			isa = PBXGroup;
			children = (
				85C2FC1628FD111300BDF3B6 /* SportsDetailComponentsFactory.swift */,
				85C2FBBE28FA388100BDF3B6 /* SportsDetailHeaderView.swift */,
				85C2FBC828FB081900BDF3B6 /* SportsDetailAboutView.swift */,
				8550313F28FD88BD007C98FA /* SportsDetailView.swift */,
				85434E0A28F68ABD005FD6D0 /* SportsDetailViewController.swift */,
				85434E0828F68AA6005FD6D0 /* SportsDetailViewModel.swift */,
			);
			path = SportsDetail;
			sourceTree = "<group>";
		};
		85C2FBBC28FA382800BDF3B6 /* SportsList */ = {
			isa = PBXGroup;
			children = (
				8567B45428F70B8300503054 /* SportsTableViewCell.swift */,
				8567B45628F82F8F00503054 /* SportsListView.swift */,
				85434DFE28F67C9D005FD6D0 /* SportsListViewController.swift */,
				85434E0028F68481005FD6D0 /* SportsListViewModel.swift */,
			);
			path = SportsList;
			sourceTree = "<group>";
		};
		85C2FBBD28FA385500BDF3B6 /* LaunchScreen */ = {
			isa = PBXGroup;
			children = (
				85434DBC28F669D7005FD6D0 /* LaunchScreen.storyboard */,
			);
			path = LaunchScreen;
			sourceTree = "<group>";
		};
		85C2FC0E28FD048A00BDF3B6 /* SportsClientTests */ = {
			isa = PBXGroup;
			children = (
				85434E1228F690FF005FD6D0 /* SportsClientTests.swift */,
				85434E1828F693C4005FD6D0 /* SportsClientMock.swift */,
			);
			path = SportsClientTests;
			sourceTree = "<group>";
		};
		85C2FC0F28FD04A100BDF3B6 /* SportsList */ = {
			isa = PBXGroup;
			children = (
				85C2FC1228FD09A400BDF3B6 /* SportsListViewControllerTests.swift */,
				85C2FC1428FD0A7D00BDF3B6 /* SportsListViewModelTests.swift */,
			);
			path = SportsList;
			sourceTree = "<group>";
		};
/* End PBXGroup section */

/* Begin PBXNativeTarget section */
		85434DAD28F669D5005FD6D0 /* AtomuzSports */ = {
			isa = PBXNativeTarget;
			buildConfigurationList = 85434DD828F669D7005FD6D0 /* Build configuration list for PBXNativeTarget "AtomuzSports" */;
			buildPhases = (
				85434DAA28F669D5005FD6D0 /* Sources */,
				85434DAB28F669D5005FD6D0 /* Frameworks */,
				85434DAC28F669D5005FD6D0 /* Resources */,
				85434DE128F66B58005FD6D0 /* ShellScript */,
			);
			buildRules = (
			);
			dependencies = (
			);
			name = AtomuzSports;
			packageProductDependencies = (
			);
			productName = AtomuzSports;
			productReference = 85434DAE28F669D5005FD6D0 /* AtomuzSports.app */;
			productType = "com.apple.product-type.application";
		};
		85434DC328F669D7005FD6D0 /* AtomuzSportsTests */ = {
			isa = PBXNativeTarget;
			buildConfigurationList = 85434DDB28F669D7005FD6D0 /* Build configuration list for PBXNativeTarget "AtomuzSportsTests" */;
			buildPhases = (
				85434DC028F669D7005FD6D0 /* Sources */,
				85434DC128F669D7005FD6D0 /* Frameworks */,
				85434DC228F669D7005FD6D0 /* Resources */,
			);
			buildRules = (
			);
			dependencies = (
				85434DC628F669D7005FD6D0 /* PBXTargetDependency */,
			);
			name = AtomuzSportsTests;
			productName = AtomuzSportsTests;
			productReference = 85434DC428F669D7005FD6D0 /* AtomuzSportsTests.xctest */;
			productType = "com.apple.product-type.bundle.unit-test";
		};
		85434DCD28F669D7005FD6D0 /* AtomuzSportsUITests */ = {
			isa = PBXNativeTarget;
			buildConfigurationList = 85434DDE28F669D7005FD6D0 /* Build configuration list for PBXNativeTarget "AtomuzSportsUITests" */;
			buildPhases = (
				85434DCA28F669D7005FD6D0 /* Sources */,
				85434DCB28F669D7005FD6D0 /* Frameworks */,
				85434DCC28F669D7005FD6D0 /* Resources */,
			);
			buildRules = (
			);
			dependencies = (
				85434DD028F669D7005FD6D0 /* PBXTargetDependency */,
			);
			name = AtomuzSportsUITests;
			productName = AtomuzSportsUITests;
			productReference = 85434DCE28F669D7005FD6D0 /* AtomuzSportsUITests.xctest */;
			productType = "com.apple.product-type.bundle.ui-testing";
		};
/* End PBXNativeTarget section */

/* Begin PBXProject section */
		85434DA628F669D5005FD6D0 /* Project object */ = {
			isa = PBXProject;
			attributes = {
				BuildIndependentTargetsInParallel = 1;
				LastSwiftUpdateCheck = 1400;
				LastUpgradeCheck = 1400;
				TargetAttributes = {
					85434DAD28F669D5005FD6D0 = {
						CreatedOnToolsVersion = 14.0.1;
					};
					85434DC328F669D7005FD6D0 = {
						CreatedOnToolsVersion = 14.0.1;
						TestTargetID = 85434DAD28F669D5005FD6D0;
					};
					85434DCD28F669D7005FD6D0 = {
						CreatedOnToolsVersion = 14.0.1;
						TestTargetID = 85434DAD28F669D5005FD6D0;
					};
				};
			};
			buildConfigurationList = 85434DA928F669D5005FD6D0 /* Build configuration list for PBXProject "AtomuzSports" */;
			compatibilityVersion = "Xcode 14.0";
			developmentRegion = en;
			hasScannedForEncodings = 0;
			knownRegions = (
				en,
				Base,
			);
			mainGroup = 85434DA528F669D5005FD6D0;
			packageReferences = (
			);
			productRefGroup = 85434DAF28F669D5005FD6D0 /* Products */;
			projectDirPath = "";
			projectRoot = "";
			targets = (
				85434DAD28F669D5005FD6D0 /* AtomuzSports */,
				85434DC328F669D7005FD6D0 /* AtomuzSportsTests */,
				85434DCD28F669D7005FD6D0 /* AtomuzSportsUITests */,
			);
		};
/* End PBXProject section */

/* Begin PBXResourcesBuildPhase section */
		85434DAC28F669D5005FD6D0 /* Resources */ = {
			isa = PBXResourcesBuildPhase;
			buildActionMask = 2147483647;
			files = (
				85434DBE28F669D7005FD6D0 /* LaunchScreen.storyboard in Resources */,
				85434DBB28F669D7005FD6D0 /* Assets.xcassets in Resources */,
			);
			runOnlyForDeploymentPostprocessing = 0;
		};
		85434DC228F669D7005FD6D0 /* Resources */ = {
			isa = PBXResourcesBuildPhase;
			buildActionMask = 2147483647;
			files = (
			);
			runOnlyForDeploymentPostprocessing = 0;
		};
		85434DCC28F669D7005FD6D0 /* Resources */ = {
			isa = PBXResourcesBuildPhase;
			buildActionMask = 2147483647;
			files = (
			);
			runOnlyForDeploymentPostprocessing = 0;
		};
/* End PBXResourcesBuildPhase section */

/* Begin PBXShellScriptBuildPhase section */
		85434DE128F66B58005FD6D0 /* ShellScript */ = {
			isa = PBXShellScriptBuildPhase;
			buildActionMask = 2147483647;
			files = (
			);
			inputFileListPaths = (
			);
			inputPaths = (
			);
			outputFileListPaths = (
			);
			outputPaths = (
			);
			runOnlyForDeploymentPostprocessing = 0;
			shellPath = /bin/sh;
			shellScript = "# Type a script or drag a script file from your workspace to insert its path.\nexport PATH=\"$PATH:/opt/homebrew/bin\"\nif which swiftlint > /dev/null; then\n  swiftlint\nelse\n  echo \"warning: SwiftLint not installed, download from https://github.com/realm/SwiftLint\"\nfi\n";
		};
/* End PBXShellScriptBuildPhase section */

/* Begin PBXSourcesBuildPhase section */
		85434DAA28F669D5005FD6D0 /* Sources */ = {
			isa = PBXSourcesBuildPhase;
			buildActionMask = 2147483647;
			files = (
				85434E0D28F68BF8005FD6D0 /* Sport.swift in Sources */,
				85434DFD28F67C1E005FD6D0 /* SportsListCoordinator.swift in Sources */,
				8550314028FD88BD007C98FA /* SportsDetailView.swift in Sources */,
				85434DB228F669D5005FD6D0 /* AppDelegate.swift in Sources */,
				8567B45728F82F8F00503054 /* SportsListView.swift in Sources */,
				85434DF328F66E45005FD6D0 /* Coordinator.swift in Sources */,
				85C2FBC928FB081900BDF3B6 /* SportsDetailAboutView.swift in Sources */,
				8567B46928F87FC400503054 /* Sports.swift in Sources */,
				85434E1728F692A6005FD6D0 /* SportsClientProtocol.swift in Sources */,
				85C2FBBF28FA388100BDF3B6 /* SportsDetailHeaderView.swift in Sources */,
				8567B45528F70B8300503054 /* SportsTableViewCell.swift in Sources */,
				85434E0928F68AA6005FD6D0 /* SportsDetailViewModel.swift in Sources */,
				85434DEF28F66D4B005FD6D0 /* ViewCoding.swift in Sources */,
				85434DFB28F67A74005FD6D0 /* AppCoordinator.swift in Sources */,
				85434DFF28F67C9D005FD6D0 /* SportsListViewController.swift in Sources */,
				85434E0328F68659005FD6D0 /* SportsClient.swift in Sources */,
				8567B47128F8C81700503054 /* UIImageViewFetchImageURL.swift in Sources */,
				85434E0B28F68ABD005FD6D0 /* SportsDetailViewController.swift in Sources */,
				85434E1B28F694FE005FD6D0 /* ObservableObject.swift in Sources */,
				85434DB428F669D5005FD6D0 /* SceneDelegate.swift in Sources */,
				85434E0128F68481005FD6D0 /* SportsListViewModel.swift in Sources */,
				85C2FBC328FA3E3E00BDF3B6 /* UIImageViewDarkOverlay.swift in Sources */,
				85C2FC1728FD111300BDF3B6 /* SportsDetailComponentsFactory.swift in Sources */,
			);
			runOnlyForDeploymentPostprocessing = 0;
		};
		85434DC028F669D7005FD6D0 /* Sources */ = {
			isa = PBXSourcesBuildPhase;
			buildActionMask = 2147483647;
			files = (
				85434E1328F690FF005FD6D0 /* SportsClientTests.swift in Sources */,
				85C2FBD128FC8C5100BDF3B6 /* SportsClientMock.swift in Sources */,
				85C2FC1328FD09A400BDF3B6 /* SportsListViewControllerTests.swift in Sources */,
				85C2FC1528FD0A7D00BDF3B6 /* SportsListViewModelTests.swift in Sources */,
			);
			runOnlyForDeploymentPostprocessing = 0;
		};
		85434DCA28F669D7005FD6D0 /* Sources */ = {
			isa = PBXSourcesBuildPhase;
			buildActionMask = 2147483647;
			files = (
				85434DD328F669D7005FD6D0 /* AtomuzSportsUITests.swift in Sources */,
				85434DD528F669D7005FD6D0 /* AtomuzSportsUITestsLaunchTests.swift in Sources */,
			);
			runOnlyForDeploymentPostprocessing = 0;
		};
/* End PBXSourcesBuildPhase section */

/* Begin PBXTargetDependency section */
		85434DC628F669D7005FD6D0 /* PBXTargetDependency */ = {
			isa = PBXTargetDependency;
			target = 85434DAD28F669D5005FD6D0 /* AtomuzSports */;
			targetProxy = 85434DC528F669D7005FD6D0 /* PBXContainerItemProxy */;
		};
		85434DD028F669D7005FD6D0 /* PBXTargetDependency */ = {
			isa = PBXTargetDependency;
			target = 85434DAD28F669D5005FD6D0 /* AtomuzSports */;
			targetProxy = 85434DCF28F669D7005FD6D0 /* PBXContainerItemProxy */;
		};
/* End PBXTargetDependency section */

/* Begin PBXVariantGroup section */
		85434DBC28F669D7005FD6D0 /* LaunchScreen.storyboard */ = {
			isa = PBXVariantGroup;
			children = (
				85434DBD28F669D7005FD6D0 /* Base */,
			);
			name = LaunchScreen.storyboard;
			sourceTree = "<group>";
		};
/* End PBXVariantGroup section */

/* Begin XCBuildConfiguration section */
		85434DD628F669D7005FD6D0 /* Debug */ = {
			isa = XCBuildConfiguration;
			buildSettings = {
				ALWAYS_SEARCH_USER_PATHS = NO;
				CLANG_ANALYZER_NONNULL = YES;
				CLANG_ANALYZER_NUMBER_OBJECT_CONVERSION = YES_AGGRESSIVE;
				CLANG_CXX_LANGUAGE_STANDARD = "gnu++20";
				CLANG_ENABLE_MODULES = YES;
				CLANG_ENABLE_OBJC_ARC = YES;
				CLANG_ENABLE_OBJC_WEAK = YES;
				CLANG_WARN_BLOCK_CAPTURE_AUTORELEASING = YES;
				CLANG_WARN_BOOL_CONVERSION = YES;
				CLANG_WARN_COMMA = YES;
				CLANG_WARN_CONSTANT_CONVERSION = YES;
				CLANG_WARN_DEPRECATED_OBJC_IMPLEMENTATIONS = YES;
				CLANG_WARN_DIRECT_OBJC_ISA_USAGE = YES_ERROR;
				CLANG_WARN_DOCUMENTATION_COMMENTS = YES;
				CLANG_WARN_EMPTY_BODY = YES;
				CLANG_WARN_ENUM_CONVERSION = YES;
				CLANG_WARN_INFINITE_RECURSION = YES;
				CLANG_WARN_INT_CONVERSION = YES;
				CLANG_WARN_NON_LITERAL_NULL_CONVERSION = YES;
				CLANG_WARN_OBJC_IMPLICIT_RETAIN_SELF = YES;
				CLANG_WARN_OBJC_LITERAL_CONVERSION = YES;
				CLANG_WARN_OBJC_ROOT_CLASS = YES_ERROR;
				CLANG_WARN_QUOTED_INCLUDE_IN_FRAMEWORK_HEADER = YES;
				CLANG_WARN_RANGE_LOOP_ANALYSIS = YES;
				CLANG_WARN_STRICT_PROTOTYPES = YES;
				CLANG_WARN_SUSPICIOUS_MOVE = YES;
				CLANG_WARN_UNGUARDED_AVAILABILITY = YES_AGGRESSIVE;
				CLANG_WARN_UNREACHABLE_CODE = YES;
				CLANG_WARN__DUPLICATE_METHOD_MATCH = YES;
				COPY_PHASE_STRIP = NO;
				DEBUG_INFORMATION_FORMAT = dwarf;
				ENABLE_STRICT_OBJC_MSGSEND = YES;
				ENABLE_TESTABILITY = YES;
				GCC_C_LANGUAGE_STANDARD = gnu11;
				GCC_DYNAMIC_NO_PIC = NO;
				GCC_NO_COMMON_BLOCKS = YES;
				GCC_OPTIMIZATION_LEVEL = 0;
				GCC_PREPROCESSOR_DEFINITIONS = (
					"DEBUG=1",
					"$(inherited)",
				);
				GCC_WARN_64_TO_32_BIT_CONVERSION = YES;
				GCC_WARN_ABOUT_RETURN_TYPE = YES_ERROR;
				GCC_WARN_UNDECLARED_SELECTOR = YES;
				GCC_WARN_UNINITIALIZED_AUTOS = YES_AGGRESSIVE;
				GCC_WARN_UNUSED_FUNCTION = YES;
				GCC_WARN_UNUSED_VARIABLE = YES;
				IPHONEOS_DEPLOYMENT_TARGET = 13.0;
				MTL_ENABLE_DEBUG_INFO = INCLUDE_SOURCE;
				MTL_FAST_MATH = YES;
				ONLY_ACTIVE_ARCH = YES;
				SDKROOT = iphoneos;
				SWIFT_ACTIVE_COMPILATION_CONDITIONS = DEBUG;
				SWIFT_OPTIMIZATION_LEVEL = "-Onone";
			};
			name = Debug;
		};
		85434DD728F669D7005FD6D0 /* Release */ = {
			isa = XCBuildConfiguration;
			buildSettings = {
				ALWAYS_SEARCH_USER_PATHS = NO;
				CLANG_ANALYZER_NONNULL = YES;
				CLANG_ANALYZER_NUMBER_OBJECT_CONVERSION = YES_AGGRESSIVE;
				CLANG_CXX_LANGUAGE_STANDARD = "gnu++20";
				CLANG_ENABLE_MODULES = YES;
				CLANG_ENABLE_OBJC_ARC = YES;
				CLANG_ENABLE_OBJC_WEAK = YES;
				CLANG_WARN_BLOCK_CAPTURE_AUTORELEASING = YES;
				CLANG_WARN_BOOL_CONVERSION = YES;
				CLANG_WARN_COMMA = YES;
				CLANG_WARN_CONSTANT_CONVERSION = YES;
				CLANG_WARN_DEPRECATED_OBJC_IMPLEMENTATIONS = YES;
				CLANG_WARN_DIRECT_OBJC_ISA_USAGE = YES_ERROR;
				CLANG_WARN_DOCUMENTATION_COMMENTS = YES;
				CLANG_WARN_EMPTY_BODY = YES;
				CLANG_WARN_ENUM_CONVERSION = YES;
				CLANG_WARN_INFINITE_RECURSION = YES;
				CLANG_WARN_INT_CONVERSION = YES;
				CLANG_WARN_NON_LITERAL_NULL_CONVERSION = YES;
				CLANG_WARN_OBJC_IMPLICIT_RETAIN_SELF = YES;
				CLANG_WARN_OBJC_LITERAL_CONVERSION = YES;
				CLANG_WARN_OBJC_ROOT_CLASS = YES_ERROR;
				CLANG_WARN_QUOTED_INCLUDE_IN_FRAMEWORK_HEADER = YES;
				CLANG_WARN_RANGE_LOOP_ANALYSIS = YES;
				CLANG_WARN_STRICT_PROTOTYPES = YES;
				CLANG_WARN_SUSPICIOUS_MOVE = YES;
				CLANG_WARN_UNGUARDED_AVAILABILITY = YES_AGGRESSIVE;
				CLANG_WARN_UNREACHABLE_CODE = YES;
				CLANG_WARN__DUPLICATE_METHOD_MATCH = YES;
				COPY_PHASE_STRIP = NO;
				DEBUG_INFORMATION_FORMAT = "dwarf-with-dsym";
				ENABLE_NS_ASSERTIONS = NO;
				ENABLE_STRICT_OBJC_MSGSEND = YES;
				GCC_C_LANGUAGE_STANDARD = gnu11;
				GCC_NO_COMMON_BLOCKS = YES;
				GCC_WARN_64_TO_32_BIT_CONVERSION = YES;
				GCC_WARN_ABOUT_RETURN_TYPE = YES_ERROR;
				GCC_WARN_UNDECLARED_SELECTOR = YES;
				GCC_WARN_UNINITIALIZED_AUTOS = YES_AGGRESSIVE;
				GCC_WARN_UNUSED_FUNCTION = YES;
				GCC_WARN_UNUSED_VARIABLE = YES;
				IPHONEOS_DEPLOYMENT_TARGET = 13.0;
				MTL_ENABLE_DEBUG_INFO = NO;
				MTL_FAST_MATH = YES;
				SDKROOT = iphoneos;
				SWIFT_COMPILATION_MODE = wholemodule;
				SWIFT_OPTIMIZATION_LEVEL = "-O";
				VALIDATE_PRODUCT = YES;
			};
			name = Release;
		};
		85434DD928F669D7005FD6D0 /* Debug */ = {
			isa = XCBuildConfiguration;
			buildSettings = {
				ASSETCATALOG_COMPILER_APPICON_NAME = AppIcon;
				ASSETCATALOG_COMPILER_GLOBAL_ACCENT_COLOR_NAME = AccentColor;
				CODE_SIGN_STYLE = Automatic;
				CURRENT_PROJECT_VERSION = 1;
				DEVELOPMENT_TEAM = F2MBMJ3PK6;
				GENERATE_INFOPLIST_FILE = YES;
				INFOPLIST_FILE = AtomuzSports/Info.plist;
				INFOPLIST_KEY_UIApplicationSupportsIndirectInputEvents = YES;
				INFOPLIST_KEY_UILaunchStoryboardName = LaunchScreen;
				INFOPLIST_KEY_UISupportedInterfaceOrientations = UIInterfaceOrientationPortrait;
				INFOPLIST_KEY_UISupportedInterfaceOrientations_iPad = "UIInterfaceOrientationPortrait UIInterfaceOrientationPortraitUpsideDown";
				IPHONEOS_DEPLOYMENT_TARGET = 13.0;
				LD_RUNPATH_SEARCH_PATHS = (
					"$(inherited)",
					"@executable_path/Frameworks",
				);
				MARKETING_VERSION = 1.0;
				PRODUCT_BUNDLE_IDENTIFIER = com.joan.wilson.AtomuzSports;
				PRODUCT_NAME = "$(TARGET_NAME)";
				SWIFT_EMIT_LOC_STRINGS = YES;
				SWIFT_VERSION = 5.0;
				TARGETED_DEVICE_FAMILY = "1,2";
			};
			name = Debug;
		};
		85434DDA28F669D7005FD6D0 /* Release */ = {
			isa = XCBuildConfiguration;
			buildSettings = {
				ASSETCATALOG_COMPILER_APPICON_NAME = AppIcon;
				ASSETCATALOG_COMPILER_GLOBAL_ACCENT_COLOR_NAME = AccentColor;
				CODE_SIGN_STYLE = Automatic;
				CURRENT_PROJECT_VERSION = 1;
				DEVELOPMENT_TEAM = F2MBMJ3PK6;
				GENERATE_INFOPLIST_FILE = YES;
				INFOPLIST_FILE = AtomuzSports/Info.plist;
				INFOPLIST_KEY_UIApplicationSupportsIndirectInputEvents = YES;
				INFOPLIST_KEY_UILaunchStoryboardName = LaunchScreen;
				INFOPLIST_KEY_UISupportedInterfaceOrientations = UIInterfaceOrientationPortrait;
				INFOPLIST_KEY_UISupportedInterfaceOrientations_iPad = "UIInterfaceOrientationPortrait UIInterfaceOrientationPortraitUpsideDown";
				IPHONEOS_DEPLOYMENT_TARGET = 13.0;
				LD_RUNPATH_SEARCH_PATHS = (
					"$(inherited)",
					"@executable_path/Frameworks",
				);
				MARKETING_VERSION = 1.0;
				PRODUCT_BUNDLE_IDENTIFIER = com.joan.wilson.AtomuzSports;
				PRODUCT_NAME = "$(TARGET_NAME)";
				SWIFT_EMIT_LOC_STRINGS = YES;
				SWIFT_VERSION = 5.0;
				TARGETED_DEVICE_FAMILY = "1,2";
			};
			name = Release;
		};
		85434DDC28F669D7005FD6D0 /* Debug */ = {
			isa = XCBuildConfiguration;
			buildSettings = {
				ALWAYS_EMBED_SWIFT_STANDARD_LIBRARIES = YES;
				BUNDLE_LOADER = "$(TEST_HOST)";
				CODE_SIGN_STYLE = Automatic;
				CURRENT_PROJECT_VERSION = 1;
				DEVELOPMENT_TEAM = F2MBMJ3PK6;
				GENERATE_INFOPLIST_FILE = YES;
				IPHONEOS_DEPLOYMENT_TARGET = 13.0;
				MARKETING_VERSION = 1.0;
				PRODUCT_BUNDLE_IDENTIFIER = com.joan.wilson.AtomuzSportsTests;
				PRODUCT_NAME = "$(TARGET_NAME)";
				SWIFT_EMIT_LOC_STRINGS = NO;
				SWIFT_VERSION = 5.0;
				TARGETED_DEVICE_FAMILY = "1,2";
				TEST_HOST = "$(BUILT_PRODUCTS_DIR)/AtomuzSports.app/$(BUNDLE_EXECUTABLE_FOLDER_PATH)/AtomuzSports";
			};
			name = Debug;
		};
		85434DDD28F669D7005FD6D0 /* Release */ = {
			isa = XCBuildConfiguration;
			buildSettings = {
				ALWAYS_EMBED_SWIFT_STANDARD_LIBRARIES = YES;
				BUNDLE_LOADER = "$(TEST_HOST)";
				CODE_SIGN_STYLE = Automatic;
				CURRENT_PROJECT_VERSION = 1;
				DEVELOPMENT_TEAM = F2MBMJ3PK6;
				GENERATE_INFOPLIST_FILE = YES;
				IPHONEOS_DEPLOYMENT_TARGET = 13.0;
				MARKETING_VERSION = 1.0;
				PRODUCT_BUNDLE_IDENTIFIER = com.joan.wilson.AtomuzSportsTests;
				PRODUCT_NAME = "$(TARGET_NAME)";
				SWIFT_EMIT_LOC_STRINGS = NO;
				SWIFT_VERSION = 5.0;
				TARGETED_DEVICE_FAMILY = "1,2";
				TEST_HOST = "$(BUILT_PRODUCTS_DIR)/AtomuzSports.app/$(BUNDLE_EXECUTABLE_FOLDER_PATH)/AtomuzSports";
			};
			name = Release;
		};
		85434DDF28F669D7005FD6D0 /* Debug */ = {
			isa = XCBuildConfiguration;
			buildSettings = {
				ALWAYS_EMBED_SWIFT_STANDARD_LIBRARIES = YES;
				CODE_SIGN_STYLE = Automatic;
				CURRENT_PROJECT_VERSION = 1;
				DEVELOPMENT_TEAM = F2MBMJ3PK6;
				GENERATE_INFOPLIST_FILE = YES;
				MARKETING_VERSION = 1.0;
				PRODUCT_BUNDLE_IDENTIFIER = com.joan.wilson.AtomuzSportsUITests;
				PRODUCT_NAME = "$(TARGET_NAME)";
				SWIFT_EMIT_LOC_STRINGS = NO;
				SWIFT_VERSION = 5.0;
				TARGETED_DEVICE_FAMILY = "1,2";
				TEST_TARGET_NAME = AtomuzSports;
			};
			name = Debug;
		};
		85434DE028F669D7005FD6D0 /* Release */ = {
			isa = XCBuildConfiguration;
			buildSettings = {
				ALWAYS_EMBED_SWIFT_STANDARD_LIBRARIES = YES;
				CODE_SIGN_STYLE = Automatic;
				CURRENT_PROJECT_VERSION = 1;
				DEVELOPMENT_TEAM = F2MBMJ3PK6;
				GENERATE_INFOPLIST_FILE = YES;
				MARKETING_VERSION = 1.0;
				PRODUCT_BUNDLE_IDENTIFIER = com.joan.wilson.AtomuzSportsUITests;
				PRODUCT_NAME = "$(TARGET_NAME)";
				SWIFT_EMIT_LOC_STRINGS = NO;
				SWIFT_VERSION = 5.0;
				TARGETED_DEVICE_FAMILY = "1,2";
				TEST_TARGET_NAME = AtomuzSports;
			};
			name = Release;
		};
/* End XCBuildConfiguration section */

/* Begin XCConfigurationList section */
		85434DA928F669D5005FD6D0 /* Build configuration list for PBXProject "AtomuzSports" */ = {
			isa = XCConfigurationList;
			buildConfigurations = (
				85434DD628F669D7005FD6D0 /* Debug */,
				85434DD728F669D7005FD6D0 /* Release */,
			);
			defaultConfigurationIsVisible = 0;
			defaultConfigurationName = Release;
		};
		85434DD828F669D7005FD6D0 /* Build configuration list for PBXNativeTarget "AtomuzSports" */ = {
			isa = XCConfigurationList;
			buildConfigurations = (
				85434DD928F669D7005FD6D0 /* Debug */,
				85434DDA28F669D7005FD6D0 /* Release */,
			);
			defaultConfigurationIsVisible = 0;
			defaultConfigurationName = Release;
		};
		85434DDB28F669D7005FD6D0 /* Build configuration list for PBXNativeTarget "AtomuzSportsTests" */ = {
			isa = XCConfigurationList;
			buildConfigurations = (
				85434DDC28F669D7005FD6D0 /* Debug */,
				85434DDD28F669D7005FD6D0 /* Release */,
			);
			defaultConfigurationIsVisible = 0;
			defaultConfigurationName = Release;
		};
		85434DDE28F669D7005FD6D0 /* Build configuration list for PBXNativeTarget "AtomuzSportsUITests" */ = {
			isa = XCConfigurationList;
			buildConfigurations = (
				85434DDF28F669D7005FD6D0 /* Debug */,
				85434DE028F669D7005FD6D0 /* Release */,
			);
			defaultConfigurationIsVisible = 0;
			defaultConfigurationName = Release;
		};
/* End XCConfigurationList section */
	};
	rootObject = 85434DA628F669D5005FD6D0 /* Project object */;
}
